
Microsoft Visual Studio Solution File, Format Version 12.00
# Visual Studio 15
VisualStudioVersion = 15.0.28307.136
MinimumVisualStudioVersion = 10.0.40219.1
Project("{FAE04EC0-301F-11D3-BF4B-00C04F79EFBC}") = "Phones", "Phones\Phones.csproj", "{18812EA5-3046-4DCC-BC0F-55F91BC62027}"
EndProject
Global
	GlobalSection(SolutionConfigurationPlatforms) = preSolution
		Debug|Any CPU = Debug|Any CPU
		Release|Any CPU = Release|Any CPU
	EndGlobalSection
	GlobalSection(ProjectConfigurationPlatforms) = postSolution
		{18812EA5-3046-4DCC-BC0F-55F91BC62027}.Debug|Any CPU.ActiveCfg = Debug|Any CPU
		{18812EA5-3046-4DCC-BC0F-55F91BC62027}.Debug|Any CPU.Build.0 = Debug|Any CPU
		{18812EA5-3046-4DCC-BC0F-55F91BC62027}.Release|Any CPU.ActiveCfg = Release|Any CPU
		{18812EA5-3046-4DCC-BC0F-55F91BC62027}.Release|Any CPU.Build.0 = Release|Any CPU
	EndGlobalSection
	GlobalSection(SolutionProperties) = preSolution
		HideSolutionNode = FALSE
	EndGlobalSection
	GlobalSection(ExtensibilityGlobals) = postSolution
		SolutionGuid = {19F7BEFE-4618-40CF-A486-0893FE6AC6FA}
	EndGlobalSection
EndGlobal
